// !$*UTF8*$!
{
	archiveVersion = 1;
	classes = {
	};
	objectVersion = 48;
	objects = {

/* Begin PBXBuildFile section */
		747A0CA9202D8ED0005ACBE0 /* main.m in Sources */ = {isa = PBXBuildFile; fileRef = 747A0CA8202D8ED0005ACBE0 /* main.m */; };
		747A0CB1202D8EFE005ACBE0 /* Foo.m in Sources */ = {isa = PBXBuildFile; fileRef = 747A0CB0202D8EFE005ACBE0 /* Foo.m */; };
		747A0CB4202D93A1005ACBE0 /* Sub1.m in Sources */ = {isa = PBXBuildFile; fileRef = 747A0CB3202D93A1005ACBE0 /* Sub1.m */; };
		747A0CB7202D94E1005ACBE0 /* Sub2.m in Sources */ = {isa = PBXBuildFile; fileRef = 747A0CB6202D94E1005ACBE0 /* Sub2.m */; };
/* End PBXBuildFile section */

/* Begin PBXCopyFilesBuildPhase section */
		747A0CA3202D8ED0005ACBE0 /* CopyFiles */ = {
			isa = PBXCopyFilesBuildPhase;
			buildActionMask = 2147483647;
			dstPath = /usr/share/man/man1/;
			dstSubfolderSpec = 0;
			files = (
			);
			runOnlyForDeploymentPostprocessing = 1;
		};
/* End PBXCopyFilesBuildPhase section */

/* Begin PBXFileReference section */
		747A0CA5202D8ED0005ACBE0 /* day2 */ = {isa = PBXFileReference; explicitFileType = "compiled.mach-o.executable"; includeInIndex = 0; path = day2; sourceTree = BUILT_PRODUCTS_DIR; };
		747A0CA8202D8ED0005ACBE0 /* main.m */ = {isa = PBXFileReference; lastKnownFileType = sourcecode.c.objc; path = main.m; sourceTree = "<group>"; };
		747A0CAF202D8EFE005ACBE0 /* Foo.h */ = {isa = PBXFileReference; lastKnownFileType = sourcecode.c.h; path = Foo.h; sourceTree = "<group>"; };
		747A0CB0202D8EFE005ACBE0 /* Foo.m */ = {isa = PBXFileReference; lastKnownFileType = sourcecode.c.objc; path = Foo.m; sourceTree = "<group>"; };
		747A0CB2202D93A1005ACBE0 /* Sub1.h */ = {isa = PBXFileReference; lastKnownFileType = sourcecode.c.h; path = Sub1.h; sourceTree = "<group>"; };
		747A0CB3202D93A1005ACBE0 /* Sub1.m */ = {isa = PBXFileReference; lastKnownFileType = sourcecode.c.objc; path = Sub1.m; sourceTree = "<group>"; };
		747A0CB5202D94E1005ACBE0 /* Sub2.h */ = {isa = PBXFileReference; lastKnownFileType = sourcecode.c.h; path = Sub2.h; sourceTree = "<group>"; };
		747A0CB6202D94E1005ACBE0 /* Sub2.m */ = {isa = PBXFileReference; lastKnownFileType = sourcecode.c.objc; path = Sub2.m; sourceTree = "<group>"; };
		747A0CB9202D9669005ACBE0 /* README.md */ = {isa = PBXFileReference; lastKnownFileType = net.daringfireball.markdown; path = README.md; sourceTree = "<group>"; };
/* End PBXFileReference section */

/* Begin PBXFrameworksBuildPhase section */
		747A0CA2202D8ED0005ACBE0 /* Frameworks */ = {
			isa = PBXFrameworksBuildPhase;
			buildActionMask = 2147483647;
			files = (
			);
			runOnlyForDeploymentPostprocessing = 0;
		};
/* End PBXFrameworksBuildPhase section */

/* Begin PBXGroup section */
		747A0C9C202D8ED0005ACBE0 = {
			isa = PBXGroup;
			children = (
				747A0CB8202D963F005ACBE0 /* doc */,
				747A0CA7202D8ED0005ACBE0 /* day2 */,
				747A0CA6202D8ED0005ACBE0 /* Products */,
			);
			sourceTree = "<group>";
		};
		747A0CA6202D8ED0005ACBE0 /* Products */ = {
			isa = PBXGroup;
			children = (
				747A0CA5202D8ED0005ACBE0 /* day2 */,
			);
			name = Products;
			sourceTree = "<group>";
		};
		747A0CA7202D8ED0005ACBE0 /* day2 */ = {
			isa = PBXGroup;
			children = (
				747A0CA8202D8ED0005ACBE0 /* main.m */,
				747A0CAF202D8EFE005ACBE0 /* Foo.h */,
				747A0CB0202D8EFE005ACBE0 /* Foo.m */,
				747A0CB2202D93A1005ACBE0 /* Sub1.h */,
				747A0CB3202D93A1005ACBE0 /* Sub1.m */,
				747A0CB5202D94E1005ACBE0 /* Sub2.h */,
				747A0CB6202D94E1005ACBE0 /* Sub2.m */,
			);
			path = day2;
			sourceTree = "<group>";
		};
		747A0CB8202D963F005ACBE0 /* doc */ = {
			isa = PBXGroup;
			children = (
				747A0CB9202D9669005ACBE0 /* README.md */,
			);
			path = doc;
			sourceTree = "<group>";
		};
/* End PBXGroup section */

/* Begin PBXNativeTarget section */
		747A0CA4202D8ED0005ACBE0 /* day2 */ = {
			isa = PBXNativeTarget;
			buildConfigurationList = 747A0CAC202D8ED0005ACBE0 /* Build configuration list for PBXNativeTarget "day2" */;
			buildPhases = (
				747A0CA1202D8ED0005ACBE0 /* Sources */,
				747A0CA2202D8ED0005ACBE0 /* Frameworks */,
				747A0CA3202D8ED0005ACBE0 /* CopyFiles */,
			);
			buildRules = (
			);
			dependencies = (
			);
			name = day2;
			productName = day2;
			productReference = 747A0CA5202D8ED0005ACBE0 /* day2 */;
			productType = "com.apple.product-type.tool";
		};
/* End PBXNativeTarget section */

/* Begin PBXProject section */
		747A0C9D202D8ED0005ACBE0 /* Project object */ = {
			isa = PBXProject;
			attributes = {
				LastUpgradeCheck = 0920;
				ORGANIZATIONNAME = papi;
				TargetAttributes = {
					747A0CA4202D8ED0005ACBE0 = {
						CreatedOnToolsVersion = 9.2;
						ProvisioningStyle = Automatic;
					};
				};
			};
			buildConfigurationList = 747A0CA0202D8ED0005ACBE0 /* Build configuration list for PBXProject "day2" */;
			compatibilityVersion = "Xcode 8.0";
			developmentRegion = en;
			hasScannedForEncodings = 0;
			knownRegions = (
				en,
			);
			mainGroup = 747A0C9C202D8ED0005ACBE0;
			productRefGroup = 747A0CA6202D8ED0005ACBE0 /* Products */;
			projectDirPath = "";
			projectRoot = "";
			targets = (
				747A0CA4202D8ED0005ACBE0 /* day2 */,
			);
		};
/* End PBXProject section */

/* Begin PBXSourcesBuildPhase section */
		747A0CA1202D8ED0005ACBE0 /* Sources */ = {
			isa = PBXSourcesBuildPhase;
			buildActionMask = 2147483647;
			files = (
				747A0CB4202D93A1005ACBE0 /* Sub1.m in Sources */,
				747A0CB7202D94E1005ACBE0 /* Sub2.m in Sources */,
				747A0CB1202D8EFE005ACBE0 /* Foo.m in Sources */,
				747A0CA9202D8ED0005ACBE0 /* main.m in Sources */,
			);
			runOnlyForDeploymentPostprocessing = 0;
		};
/* End PBXSourcesBuildPhase section */

/* Begin XCBuildConfiguration section */
		747A0CAA202D8ED0005ACBE0 /* Debug */ = {
			isa = XCBuildConfiguration;
			buildSettings = {
				ALWAYS_SEARCH_USER_PATHS = NO;
				CLANG_ANALYZER_NONNULL = YES;
				CLANG_ANALYZER_NUMBER_OBJECT_CONVERSION = YES_AGGRESSIVE;
				CLANG_CXX_LANGUAGE_STANDARD = "gnu++14";
				CLANG_CXX_LIBRARY = "libc++";
				CLANG_ENABLE_MODULES = YES;
				CLANG_ENABLE_OBJC_ARC = YES;
				CLANG_WARN_BLOCK_CAPTURE_AUTORELEASING = YES;
				CLANG_WARN_BOOL_CONVERSION = YES;
				CLANG_WARN_COMMA = YES;
				CLANG_WARN_CONSTANT_CONVERSION = YES;
				CLANG_WARN_DIRECT_OBJC_ISA_USAGE = YES_ERROR;
				CLANG_WARN_DOCUMENTATION_COMMENTS = YES;
				CLANG_WARN_EMPTY_BODY = YES;
				CLANG_WARN_ENUM_CONVERSION = YES;
				CLANG_WARN_INFINITE_RECURSION = YES;
				CLANG_WARN_INT_CONVERSION = YES;
				CLANG_WARN_NON_LITERAL_NULL_CONVERSION = YES;
				CLANG_WARN_OBJC_LITERAL_CONVERSION = YES;
				CLANG_WARN_OBJC_ROOT_CLASS = YES_ERROR;
				CLANG_WARN_RANGE_LOOP_ANALYSIS = YES;
				CLANG_WARN_STRICT_PROTOTYPES = YES;
				CLANG_WARN_SUSPICIOUS_MOVE = YES;
				CLANG_WARN_UNGUARDED_AVAILABILITY = YES_AGGRESSIVE;
				CLANG_WARN_UNREACHABLE_CODE = YES;
				CLANG_WARN__DUPLICATE_METHOD_MATCH = YES;
				CODE_SIGN_IDENTITY = "-";
				COPY_PHASE_STRIP = NO;
				DEBUG_INFORMATION_FORMAT = dwarf;
				ENABLE_STRICT_OBJC_MSGSEND = YES;
				ENABLE_TESTABILITY = YES;
				GCC_C_LANGUAGE_STANDARD = gnu11;
				GCC_DYNAMIC_NO_PIC = NO;
				GCC_NO_COMMON_BLOCKS = YES;
				GCC_OPTIMIZATION_LEVEL = 0;
				GCC_PREPROCESSOR_DEFINITIONS = (
					"DEBUG=1",
					"$(inherited)",
				);
				GCC_WARN_64_TO_32_BIT_CONVERSION = YES;
				GCC_WARN_ABOUT_RETURN_TYPE = YES_ERROR;
				GCC_WARN_UNDECLARED_SELECTOR = YES;
				GCC_WARN_UNINITIALIZED_AUTOS = YES_AGGRESSIVE;
				GCC_WARN_UNUSED_FUNCTION = YES;
				GCC_WARN_UNUSED_VARIABLE = YES;
				MACOSX_DEPLOYMENT_TARGET = 10.13;
				MTL_ENABLE_DEBUG_INFO = YES;
				ONLY_ACTIVE_ARCH = YES;
				SDKROOT = macosx;
			};
			name = Debug;
		};
		747A0CAB202D8ED0005ACBE0 /* Release */ = {
			isa = XCBuildConfiguration;
			buildSettings = {
				ALWAYS_SEARCH_USER_PATHS = NO;
				CLANG_ANALYZER_NONNULL = YES;
				CLANG_ANALYZER_NUMBER_OBJECT_CONVERSION = YES_AGGRESSIVE;
				CLANG_CXX_LANGUAGE_STANDARD = "gnu++14";
				CLANG_CXX_LIBRARY = "libc++";
				CLANG_ENABLE_MODULES = YES;
				CLANG_ENABLE_OBJC_ARC = YES;
				CLANG_WARN_BLOCK_CAPTURE_AUTORELEASING = YES;
				CLANG_WARN_BOOL_CONVERSION = YES;
				CLANG_WARN_COMMA = YES;
				CLANG_WARN_CONSTANT_CONVERSION = YES;
				CLANG_WARN_DIRECT_OBJC_ISA_USAGE = YES_ERROR;
				CLANG_WARN_DOCUMENTATION_COMMENTS = YES;
				CLANG_WARN_EMPTY_BODY = YES;
				CLANG_WARN_ENUM_CONVERSION = YES;
				CLANG_WARN_INFINITE_RECURSION = YES;
				CLANG_WARN_INT_CONVERSION = YES;
				CLANG_WARN_NON_LITERAL_NULL_CONVERSION = YES;
				CLANG_WARN_OBJC_LITERAL_CONVERSION = YES;
				CLANG_WARN_OBJC_ROOT_CLASS = YES_ERROR;
				CLANG_WARN_RANGE_LOOP_ANALYSIS = YES;
				CLANG_WARN_STRICT_PROTOTYPES = YES;
				CLANG_WARN_SUSPICIOUS_MOVE = YES;
				CLANG_WARN_UNGUARDED_AVAILABILITY = YES_AGGRESSIVE;
				CLANG_WARN_UNREACHABLE_CODE = YES;
				CLANG_WARN__DUPLICATE_METHOD_MATCH = YES;
				CODE_SIGN_IDENTITY = "-";
				COPY_PHASE_STRIP = NO;
				DEBUG_INFORMATION_FORMAT = "dwarf-with-dsym";
				ENABLE_NS_ASSERTIONS = NO;
				ENABLE_STRICT_OBJC_MSGSEND = YES;
				GCC_C_LANGUAGE_STANDARD = gnu11;
				GCC_NO_COMMON_BLOCKS = YES;
				GCC_WARN_64_TO_32_BIT_CONVERSION = YES;
				GCC_WARN_ABOUT_RETURN_TYPE = YES_ERROR;
				GCC_WARN_UNDECLARED_SELECTOR = YES;
				GCC_WARN_UNINITIALIZED_AUTOS = YES_AGGRESSIVE;
				GCC_WARN_UNUSED_FUNCTION = YES;
				GCC_WARN_UNUSED_VARIABLE = YES;
				MACOSX_DEPLOYMENT_TARGET = 10.13;
				MTL_ENABLE_DEBUG_INFO = NO;
				SDKROOT = macosx;
			};
			name = Release;
		};
		747A0CAD202D8ED0005ACBE0 /* Debug */ = {
			isa = XCBuildConfiguration;
			buildSettings = {
				CODE_SIGN_STYLE = Automatic;
				PRODUCT_NAME = "$(TARGET_NAME)";
			};
			name = Debug;
		};
		747A0CAE202D8ED0005ACBE0 /* Release */ = {
			isa = XCBuildConfiguration;
			buildSettings = {
				CODE_SIGN_STYLE = Automatic;
				PRODUCT_NAME = "$(TARGET_NAME)";
			};
			name = Release;
		};
/* End XCBuildConfiguration section */

/* Begin XCConfigurationList section */
		747A0CA0202D8ED0005ACBE0 /* Build configuration list for PBXProject "day2" */ = {
			isa = XCConfigurationList;
			buildConfigurations = (
				747A0CAA202D8ED0005ACBE0 /* Debug */,
				747A0CAB202D8ED0005ACBE0 /* Release */,
			);
			defaultConfigurationIsVisible = 0;
			defaultConfigurationName = Release;
		};
		747A0CAC202D8ED0005ACBE0 /* Build configuration list for PBXNativeTarget "day2" */ = {
			isa = XCConfigurationList;
			buildConfigurations = (
				747A0CAD202D8ED0005ACBE0 /* Debug */,
				747A0CAE202D8ED0005ACBE0 /* Release */,
			);
			defaultConfigurationIsVisible = 0;
			defaultConfigurationName = Release;
		};
/* End XCConfigurationList section */
	};
	rootObject = 747A0C9D202D8ED0005ACBE0 /* Project object */;
}
