// !$*UTF8*$!
{
	archiveVersion = 1;
	classes = {
	};
	objectVersion = 48;
	objects = {

/* Begin PBXBuildFile section */
		741967D3201998E0002B0BA9 /* Alpha.m in Sources */ = {isa = PBXBuildFile; fileRef = 741967D2201998E0002B0BA9 /* Alpha.m */; };
		74904A302018688C00D7F4B2 /* AppDelegate.m in Sources */ = {isa = PBXBuildFile; fileRef = 74904A2F2018688C00D7F4B2 /* AppDelegate.m */; };
		74904A332018688C00D7F4B2 /* ViewController.m in Sources */ = {isa = PBXBuildFile; fileRef = 74904A322018688C00D7F4B2 /* ViewController.m */; };
		74904A362018688C00D7F4B2 /* Main.storyboard in Resources */ = {isa = PBXBuildFile; fileRef = 74904A342018688C00D7F4B2 /* Main.storyboard */; };
		74904A382018688C00D7F4B2 /* Assets.xcassets in Resources */ = {isa = PBXBuildFile; fileRef = 74904A372018688C00D7F4B2 /* Assets.xcassets */; };
		74904A3B2018688C00D7F4B2 /* LaunchScreen.storyboard in Resources */ = {isa = PBXBuildFile; fileRef = 74904A392018688C00D7F4B2 /* LaunchScreen.storyboard */; };
		74904A3E2018688C00D7F4B2 /* main.m in Sources */ = {isa = PBXBuildFile; fileRef = 74904A3D2018688C00D7F4B2 /* main.m */; };
		74904A482018688C00D7F4B2 /* helloTests.m in Sources */ = {isa = PBXBuildFile; fileRef = 74904A472018688C00D7F4B2 /* helloTests.m */; };
		74904A532018688C00D7F4B2 /* helloUITests.m in Sources */ = {isa = PBXBuildFile; fileRef = 74904A522018688C00D7F4B2 /* helloUITests.m */; };
/* End PBXBuildFile section */

/* Begin PBXContainerItemProxy section */
		74904A442018688C00D7F4B2 /* PBXContainerItemProxy */ = {
			isa = PBXContainerItemProxy;
			containerPortal = 74904A232018688C00D7F4B2 /* Project object */;
			proxyType = 1;
			remoteGlobalIDString = 74904A2A2018688C00D7F4B2;
			remoteInfo = hello;
		};
		74904A4F2018688C00D7F4B2 /* PBXContainerItemProxy */ = {
			isa = PBXContainerItemProxy;
			containerPortal = 74904A232018688C00D7F4B2 /* Project object */;
			proxyType = 1;
			remoteGlobalIDString = 74904A2A2018688C00D7F4B2;
			remoteInfo = hello;
		};
/* End PBXContainerItemProxy section */

/* Begin PBXFileReference section */
		741967D1201998E0002B0BA9 /* Alpha.h */ = {isa = PBXFileReference; lastKnownFileType = sourcecode.c.h; path = Alpha.h; sourceTree = "<group>"; };
		741967D2201998E0002B0BA9 /* Alpha.m */ = {isa = PBXFileReference; lastKnownFileType = sourcecode.c.objc; path = Alpha.m; sourceTree = "<group>"; };
		74904A2B2018688C00D7F4B2 /* hello.app */ = {isa = PBXFileReference; explicitFileType = wrapper.application; includeInIndex = 0; path = hello.app; sourceTree = BUILT_PRODUCTS_DIR; };
		74904A2E2018688C00D7F4B2 /* AppDelegate.h */ = {isa = PBXFileReference; lastKnownFileType = sourcecode.c.h; path = AppDelegate.h; sourceTree = "<group>"; };
		74904A2F2018688C00D7F4B2 /* AppDelegate.m */ = {isa = PBXFileReference; lastKnownFileType = sourcecode.c.objc; path = AppDelegate.m; sourceTree = "<group>"; };
		74904A312018688C00D7F4B2 /* ViewController.h */ = {isa = PBXFileReference; lastKnownFileType = sourcecode.c.h; path = ViewController.h; sourceTree = "<group>"; };
		74904A322018688C00D7F4B2 /* ViewController.m */ = {isa = PBXFileReference; lastKnownFileType = sourcecode.c.objc; path = ViewController.m; sourceTree = "<group>"; };
		74904A352018688C00D7F4B2 /* Base */ = {isa = PBXFileReference; lastKnownFileType = file.storyboard; name = Base; path = Base.lproj/Main.storyboard; sourceTree = "<group>"; };
		74904A372018688C00D7F4B2 /* Assets.xcassets */ = {isa = PBXFileReference; lastKnownFileType = folder.assetcatalog; path = Assets.xcassets; sourceTree = "<group>"; };
		74904A3A2018688C00D7F4B2 /* Base */ = {isa = PBXFileReference; lastKnownFileType = file.storyboard; name = Base; path = Base.lproj/LaunchScreen.storyboard; sourceTree = "<group>"; };
		74904A3C2018688C00D7F4B2 /* Info.plist */ = {isa = PBXFileReference; lastKnownFileType = text.plist.xml; path = Info.plist; sourceTree = "<group>"; };
		74904A3D2018688C00D7F4B2 /* main.m */ = {isa = PBXFileReference; lastKnownFileType = sourcecode.c.objc; path = main.m; sourceTree = "<group>"; };
		74904A432018688C00D7F4B2 /* helloTests.xctest */ = {isa = PBXFileReference; explicitFileType = wrapper.cfbundle; includeInIndex = 0; path = helloTests.xctest; sourceTree = BUILT_PRODUCTS_DIR; };
		74904A472018688C00D7F4B2 /* helloTests.m */ = {isa = PBXFileReference; lastKnownFileType = sourcecode.c.objc; path = helloTests.m; sourceTree = "<group>"; };
		74904A492018688C00D7F4B2 /* Info.plist */ = {isa = PBXFileReference; lastKnownFileType = text.plist.xml; path = Info.plist; sourceTree = "<group>"; };
		74904A4E2018688C00D7F4B2 /* helloUITests.xctest */ = {isa = PBXFileReference; explicitFileType = wrapper.cfbundle; includeInIndex = 0; path = helloUITests.xctest; sourceTree = BUILT_PRODUCTS_DIR; };
		74904A522018688C00D7F4B2 /* helloUITests.m */ = {isa = PBXFileReference; lastKnownFileType = sourcecode.c.objc; path = helloUITests.m; sourceTree = "<group>"; };
		74904A542018688C00D7F4B2 /* Info.plist */ = {isa = PBXFileReference; lastKnownFileType = text.plist.xml; path = Info.plist; sourceTree = "<group>"; };
/* End PBXFileReference section */

/* Begin PBXFrameworksBuildPhase section */
		74904A282018688C00D7F4B2 /* Frameworks */ = {
			isa = PBXFrameworksBuildPhase;
			buildActionMask = 2147483647;
			files = (
			);
			runOnlyForDeploymentPostprocessing = 0;
		};
		74904A402018688C00D7F4B2 /* Frameworks */ = {
			isa = PBXFrameworksBuildPhase;
			buildActionMask = 2147483647;
			files = (
			);
			runOnlyForDeploymentPostprocessing = 0;
		};
		74904A4B2018688C00D7F4B2 /* Frameworks */ = {
			isa = PBXFrameworksBuildPhase;
			buildActionMask = 2147483647;
			files = (
			);
			runOnlyForDeploymentPostprocessing = 0;
		};
/* End PBXFrameworksBuildPhase section */

/* Begin PBXGroup section */
		741967CE2019988D002B0BA9 /* add */ = {
			isa = PBXGroup;
			children = (
				741967D1201998E0002B0BA9 /* Alpha.h */,
				741967D2201998E0002B0BA9 /* Alpha.m */,
			);
			path = add;
			sourceTree = "<group>";
		};
		74904A222018688B00D7F4B2 = {
			isa = PBXGroup;
			children = (
				74904A2D2018688C00D7F4B2 /* hello */,
				74904A462018688C00D7F4B2 /* helloTests */,
				74904A512018688C00D7F4B2 /* helloUITests */,
				74904A2C2018688C00D7F4B2 /* Products */,
			);
			sourceTree = "<group>";
		};
		74904A2C2018688C00D7F4B2 /* Products */ = {
			isa = PBXGroup;
			children = (
				74904A2B2018688C00D7F4B2 /* hello.app */,
				74904A432018688C00D7F4B2 /* helloTests.xctest */,
				74904A4E2018688C00D7F4B2 /* helloUITests.xctest */,
			);
			name = Products;
			sourceTree = "<group>";
		};
		74904A2D2018688C00D7F4B2 /* hello */ = {
			isa = PBXGroup;
			children = (
				741967CE2019988D002B0BA9 /* add */,
				74904A2E2018688C00D7F4B2 /* AppDelegate.h */,
				74904A2F2018688C00D7F4B2 /* AppDelegate.m */,
				74904A312018688C00D7F4B2 /* ViewController.h */,
				74904A322018688C00D7F4B2 /* ViewController.m */,
				74904A342018688C00D7F4B2 /* Main.storyboard */,
				74904A372018688C00D7F4B2 /* Assets.xcassets */,
				74904A392018688C00D7F4B2 /* LaunchScreen.storyboard */,
				74904A3C2018688C00D7F4B2 /* Info.plist */,
				74904A3D2018688C00D7F4B2 /* main.m */,
			);
			path = hello;
			sourceTree = "<group>";
		};
		74904A462018688C00D7F4B2 /* helloTests */ = {
			isa = PBXGroup;
			children = (
				74904A472018688C00D7F4B2 /* helloTests.m */,
				74904A492018688C00D7F4B2 /* Info.plist */,
			);
			path = helloTests;
			sourceTree = "<group>";
		};
		74904A512018688C00D7F4B2 /* helloUITests */ = {
			isa = PBXGroup;
			children = (
				74904A522018688C00D7F4B2 /* helloUITests.m */,
				74904A542018688C00D7F4B2 /* Info.plist */,
			);
			path = helloUITests;
			sourceTree = "<group>";
		};
/* End PBXGroup section */

/* Begin PBXNativeTarget section */
		74904A2A2018688C00D7F4B2 /* hello */ = {
			isa = PBXNativeTarget;
			buildConfigurationList = 74904A572018688C00D7F4B2 /* Build configuration list for PBXNativeTarget "hello" */;
			buildPhases = (
				74904A272018688C00D7F4B2 /* Sources */,
				74904A282018688C00D7F4B2 /* Frameworks */,
				74904A292018688C00D7F4B2 /* Resources */,
			);
			buildRules = (
			);
			dependencies = (
			);
			name = hello;
			productName = hello;
			productReference = 74904A2B2018688C00D7F4B2 /* hello.app */;
			productType = "com.apple.product-type.application";
		};
		74904A422018688C00D7F4B2 /* helloTests */ = {
			isa = PBXNativeTarget;
			buildConfigurationList = 74904A5A2018688C00D7F4B2 /* Build configuration list for PBXNativeTarget "helloTests" */;
			buildPhases = (
				74904A3F2018688C00D7F4B2 /* Sources */,
				74904A402018688C00D7F4B2 /* Frameworks */,
				74904A412018688C00D7F4B2 /* Resources */,
			);
			buildRules = (
			);
			dependencies = (
				74904A452018688C00D7F4B2 /* PBXTargetDependency */,
			);
			name = helloTests;
			productName = helloTests;
			productReference = 74904A432018688C00D7F4B2 /* helloTests.xctest */;
			productType = "com.apple.product-type.bundle.unit-test";
		};
		74904A4D2018688C00D7F4B2 /* helloUITests */ = {
			isa = PBXNativeTarget;
			buildConfigurationList = 74904A5D2018688C00D7F4B2 /* Build configuration list for PBXNativeTarget "helloUITests" */;
			buildPhases = (
				74904A4A2018688C00D7F4B2 /* Sources */,
				74904A4B2018688C00D7F4B2 /* Frameworks */,
				74904A4C2018688C00D7F4B2 /* Resources */,
			);
			buildRules = (
			);
			dependencies = (
				74904A502018688C00D7F4B2 /* PBXTargetDependency */,
			);
			name = helloUITests;
			productName = helloUITests;
			productReference = 74904A4E2018688C00D7F4B2 /* helloUITests.xctest */;
			productType = "com.apple.product-type.bundle.ui-testing";
		};
/* End PBXNativeTarget section */

/* Begin PBXProject section */
		74904A232018688C00D7F4B2 /* Project object */ = {
			isa = PBXProject;
			attributes = {
				LastUpgradeCheck = 0920;
				ORGANIZATIONNAME = papi;
				TargetAttributes = {
					74904A2A2018688C00D7F4B2 = {
						CreatedOnToolsVersion = 9.2;
						ProvisioningStyle = Automatic;
					};
					74904A422018688C00D7F4B2 = {
						CreatedOnToolsVersion = 9.2;
						ProvisioningStyle = Automatic;
						TestTargetID = 74904A2A2018688C00D7F4B2;
					};
					74904A4D2018688C00D7F4B2 = {
						CreatedOnToolsVersion = 9.2;
						ProvisioningStyle = Automatic;
						TestTargetID = 74904A2A2018688C00D7F4B2;
					};
				};
			};
			buildConfigurationList = 74904A262018688C00D7F4B2 /* Build configuration list for PBXProject "hello" */;
			compatibilityVersion = "Xcode 8.0";
			developmentRegion = en;
			hasScannedForEncodings = 0;
			knownRegions = (
				en,
				Base,
			);
			mainGroup = 74904A222018688B00D7F4B2;
			productRefGroup = 74904A2C2018688C00D7F4B2 /* Products */;
			projectDirPath = "";
			projectRoot = "";
			targets = (
				74904A2A2018688C00D7F4B2 /* hello */,
				74904A422018688C00D7F4B2 /* helloTests */,
				74904A4D2018688C00D7F4B2 /* helloUITests */,
			);
		};
/* End PBXProject section */

/* Begin PBXResourcesBuildPhase section */
		74904A292018688C00D7F4B2 /* Resources */ = {
			isa = PBXResourcesBuildPhase;
			buildActionMask = 2147483647;
			files = (
				74904A3B2018688C00D7F4B2 /* LaunchScreen.storyboard in Resources */,
				74904A382018688C00D7F4B2 /* Assets.xcassets in Resources */,
				74904A362018688C00D7F4B2 /* Main.storyboard in Resources */,
			);
			runOnlyForDeploymentPostprocessing = 0;
		};
		74904A412018688C00D7F4B2 /* Resources */ = {
			isa = PBXResourcesBuildPhase;
			buildActionMask = 2147483647;
			files = (
			);
			runOnlyForDeploymentPostprocessing = 0;
		};
		74904A4C2018688C00D7F4B2 /* Resources */ = {
			isa = PBXResourcesBuildPhase;
			buildActionMask = 2147483647;
			files = (
			);
			runOnlyForDeploymentPostprocessing = 0;
		};
/* End PBXResourcesBuildPhase section */

/* Begin PBXSourcesBuildPhase section */
		74904A272018688C00D7F4B2 /* Sources */ = {
			isa = PBXSourcesBuildPhase;
			buildActionMask = 2147483647;
			files = (
				741967D3201998E0002B0BA9 /* Alpha.m in Sources */,
				74904A332018688C00D7F4B2 /* ViewController.m in Sources */,
				74904A3E2018688C00D7F4B2 /* main.m in Sources */,
				74904A302018688C00D7F4B2 /* AppDelegate.m in Sources */,
			);
			runOnlyForDeploymentPostprocessing = 0;
		};
		74904A3F2018688C00D7F4B2 /* Sources */ = {
			isa = PBXSourcesBuildPhase;
			buildActionMask = 2147483647;
			files = (
				74904A482018688C00D7F4B2 /* helloTests.m in Sources */,
			);
			runOnlyForDeploymentPostprocessing = 0;
		};
		74904A4A2018688C00D7F4B2 /* Sources */ = {
			isa = PBXSourcesBuildPhase;
			buildActionMask = 2147483647;
			files = (
				74904A532018688C00D7F4B2 /* helloUITests.m in Sources */,
			);
			runOnlyForDeploymentPostprocessing = 0;
		};
/* End PBXSourcesBuildPhase section */

/* Begin PBXTargetDependency section */
		74904A452018688C00D7F4B2 /* PBXTargetDependency */ = {
			isa = PBXTargetDependency;
			target = 74904A2A2018688C00D7F4B2 /* hello */;
			targetProxy = 74904A442018688C00D7F4B2 /* PBXContainerItemProxy */;
		};
		74904A502018688C00D7F4B2 /* PBXTargetDependency */ = {
			isa = PBXTargetDependency;
			target = 74904A2A2018688C00D7F4B2 /* hello */;
			targetProxy = 74904A4F2018688C00D7F4B2 /* PBXContainerItemProxy */;
		};
/* End PBXTargetDependency section */

/* Begin PBXVariantGroup section */
		74904A342018688C00D7F4B2 /* Main.storyboard */ = {
			isa = PBXVariantGroup;
			children = (
				74904A352018688C00D7F4B2 /* Base */,
			);
			name = Main.storyboard;
			sourceTree = "<group>";
		};
		74904A392018688C00D7F4B2 /* LaunchScreen.storyboard */ = {
			isa = PBXVariantGroup;
			children = (
				74904A3A2018688C00D7F4B2 /* Base */,
			);
			name = LaunchScreen.storyboard;
			sourceTree = "<group>";
		};
/* End PBXVariantGroup section */

/* Begin XCBuildConfiguration section */
		74904A552018688C00D7F4B2 /* Debug */ = {
			isa = XCBuildConfiguration;
			buildSettings = {
				ALWAYS_SEARCH_USER_PATHS = NO;
				CLANG_ANALYZER_NONNULL = YES;
				CLANG_ANALYZER_NUMBER_OBJECT_CONVERSION = YES_AGGRESSIVE;
				CLANG_CXX_LANGUAGE_STANDARD = "gnu++14";
				CLANG_CXX_LIBRARY = "libc++";
				CLANG_ENABLE_MODULES = YES;
				CLANG_ENABLE_OBJC_ARC = YES;
				CLANG_WARN_BLOCK_CAPTURE_AUTORELEASING = YES;
				CLANG_WARN_BOOL_CONVERSION = YES;
				CLANG_WARN_COMMA = YES;
				CLANG_WARN_CONSTANT_CONVERSION = YES;
				CLANG_WARN_DIRECT_OBJC_ISA_USAGE = YES_ERROR;
				CLANG_WARN_DOCUMENTATION_COMMENTS = YES;
				CLANG_WARN_EMPTY_BODY = YES;
				CLANG_WARN_ENUM_CONVERSION = YES;
				CLANG_WARN_INFINITE_RECURSION = YES;
				CLANG_WARN_INT_CONVERSION = YES;
				CLANG_WARN_NON_LITERAL_NULL_CONVERSION = YES;
				CLANG_WARN_OBJC_LITERAL_CONVERSION = YES;
				CLANG_WARN_OBJC_ROOT_CLASS = YES_ERROR;
				CLANG_WARN_RANGE_LOOP_ANALYSIS = YES;
				CLANG_WARN_STRICT_PROTOTYPES = YES;
				CLANG_WARN_SUSPICIOUS_MOVE = YES;
				CLANG_WARN_UNGUARDED_AVAILABILITY = YES_AGGRESSIVE;
				CLANG_WARN_UNREACHABLE_CODE = YES;
				CLANG_WARN__DUPLICATE_METHOD_MATCH = YES;
				CODE_SIGN_IDENTITY = "iPhone Developer";
				COPY_PHASE_STRIP = NO;
				DEBUG_INFORMATION_FORMAT = dwarf;
				ENABLE_STRICT_OBJC_MSGSEND = YES;
				ENABLE_TESTABILITY = YES;
				GCC_C_LANGUAGE_STANDARD = gnu11;
				GCC_DYNAMIC_NO_PIC = NO;
				GCC_NO_COMMON_BLOCKS = YES;
				GCC_OPTIMIZATION_LEVEL = 0;
				GCC_PREPROCESSOR_DEFINITIONS = (
					"DEBUG=1",
					"$(inherited)",
				);
				GCC_WARN_64_TO_32_BIT_CONVERSION = YES;
				GCC_WARN_ABOUT_RETURN_TYPE = YES_ERROR;
				GCC_WARN_UNDECLARED_SELECTOR = YES;
				GCC_WARN_UNINITIALIZED_AUTOS = YES_AGGRESSIVE;
				GCC_WARN_UNUSED_FUNCTION = YES;
				GCC_WARN_UNUSED_VARIABLE = YES;
				IPHONEOS_DEPLOYMENT_TARGET = 11.2;
				MTL_ENABLE_DEBUG_INFO = YES;
				ONLY_ACTIVE_ARCH = YES;
				SDKROOT = iphoneos;
			};
			name = Debug;
		};
		74904A562018688C00D7F4B2 /* Release */ = {
			isa = XCBuildConfiguration;
			buildSettings = {
				ALWAYS_SEARCH_USER_PATHS = NO;
				CLANG_ANALYZER_NONNULL = YES;
				CLANG_ANALYZER_NUMBER_OBJECT_CONVERSION = YES_AGGRESSIVE;
				CLANG_CXX_LANGUAGE_STANDARD = "gnu++14";
				CLANG_CXX_LIBRARY = "libc++";
				CLANG_ENABLE_MODULES = YES;
				CLANG_ENABLE_OBJC_ARC = YES;
				CLANG_WARN_BLOCK_CAPTURE_AUTORELEASING = YES;
				CLANG_WARN_BOOL_CONVERSION = YES;
				CLANG_WARN_COMMA = YES;
				CLANG_WARN_CONSTANT_CONVERSION = YES;
				CLANG_WARN_DIRECT_OBJC_ISA_USAGE = YES_ERROR;
				CLANG_WARN_DOCUMENTATION_COMMENTS = YES;
				CLANG_WARN_EMPTY_BODY = YES;
				CLANG_WARN_ENUM_CONVERSION = YES;
				CLANG_WARN_INFINITE_RECURSION = YES;
				CLANG_WARN_INT_CONVERSION = YES;
				CLANG_WARN_NON_LITERAL_NULL_CONVERSION = YES;
				CLANG_WARN_OBJC_LITERAL_CONVERSION = YES;
				CLANG_WARN_OBJC_ROOT_CLASS = YES_ERROR;
				CLANG_WARN_RANGE_LOOP_ANALYSIS = YES;
				CLANG_WARN_STRICT_PROTOTYPES = YES;
				CLANG_WARN_SUSPICIOUS_MOVE = YES;
				CLANG_WARN_UNGUARDED_AVAILABILITY = YES_AGGRESSIVE;
				CLANG_WARN_UNREACHABLE_CODE = YES;
				CLANG_WARN__DUPLICATE_METHOD_MATCH = YES;
				CODE_SIGN_IDENTITY = "iPhone Developer";
				COPY_PHASE_STRIP = NO;
				DEBUG_INFORMATION_FORMAT = "dwarf-with-dsym";
				ENABLE_NS_ASSERTIONS = NO;
				ENABLE_STRICT_OBJC_MSGSEND = YES;
				GCC_C_LANGUAGE_STANDARD = gnu11;
				GCC_NO_COMMON_BLOCKS = YES;
				GCC_WARN_64_TO_32_BIT_CONVERSION = YES;
				GCC_WARN_ABOUT_RETURN_TYPE = YES_ERROR;
				GCC_WARN_UNDECLARED_SELECTOR = YES;
				GCC_WARN_UNINITIALIZED_AUTOS = YES_AGGRESSIVE;
				GCC_WARN_UNUSED_FUNCTION = YES;
				GCC_WARN_UNUSED_VARIABLE = YES;
				IPHONEOS_DEPLOYMENT_TARGET = 11.2;
				MTL_ENABLE_DEBUG_INFO = NO;
				SDKROOT = iphoneos;
				VALIDATE_PRODUCT = YES;
			};
			name = Release;
		};
		74904A582018688C00D7F4B2 /* Debug */ = {
			isa = XCBuildConfiguration;
			buildSettings = {
				ASSETCATALOG_COMPILER_APPICON_NAME = AppIcon;
				CODE_SIGN_STYLE = Automatic;
				DEVELOPMENT_TEAM = 6V8YG8B88V;
				INFOPLIST_FILE = hello/Info.plist;
				IPHONEOS_DEPLOYMENT_TARGET = 11.0;
				LD_RUNPATH_SEARCH_PATHS = "$(inherited) @executable_path/Frameworks";
				PRODUCT_BUNDLE_IDENTIFIER = com.loopher.hello;
				PRODUCT_NAME = "$(TARGET_NAME)";
				TARGETED_DEVICE_FAMILY = "1,2";
			};
			name = Debug;
		};
		74904A592018688C00D7F4B2 /* Release */ = {
			isa = XCBuildConfiguration;
			buildSettings = {
				ASSETCATALOG_COMPILER_APPICON_NAME = AppIcon;
				CODE_SIGN_STYLE = Automatic;
				DEVELOPMENT_TEAM = 6V8YG8B88V;
				INFOPLIST_FILE = hello/Info.plist;
				IPHONEOS_DEPLOYMENT_TARGET = 11.0;
				LD_RUNPATH_SEARCH_PATHS = "$(inherited) @executable_path/Frameworks";
				PRODUCT_BUNDLE_IDENTIFIER = com.loopher.hello;
				PRODUCT_NAME = "$(TARGET_NAME)";
				TARGETED_DEVICE_FAMILY = "1,2";
			};
			name = Release;
		};
		74904A5B2018688C00D7F4B2 /* Debug */ = {
			isa = XCBuildConfiguration;
			buildSettings = {
				BUNDLE_LOADER = "$(TEST_HOST)";
				CODE_SIGN_STYLE = Automatic;
				INFOPLIST_FILE = helloTests/Info.plist;
				LD_RUNPATH_SEARCH_PATHS = "$(inherited) @executable_path/Frameworks @loader_path/Frameworks";
				PRODUCT_BUNDLE_IDENTIFIER = com.loopher.helloTests;
				PRODUCT_NAME = "$(TARGET_NAME)";
				TARGETED_DEVICE_FAMILY = "1,2";
				TEST_HOST = "$(BUILT_PRODUCTS_DIR)/hello.app/hello";
			};
			name = Debug;
		};
		74904A5C2018688C00D7F4B2 /* Release */ = {
			isa = XCBuildConfiguration;
			buildSettings = {
				BUNDLE_LOADER = "$(TEST_HOST)";
				CODE_SIGN_STYLE = Automatic;
				INFOPLIST_FILE = helloTests/Info.plist;
				LD_RUNPATH_SEARCH_PATHS = "$(inherited) @executable_path/Frameworks @loader_path/Frameworks";
				PRODUCT_BUNDLE_IDENTIFIER = com.loopher.helloTests;
				PRODUCT_NAME = "$(TARGET_NAME)";
				TARGETED_DEVICE_FAMILY = "1,2";
				TEST_HOST = "$(BUILT_PRODUCTS_DIR)/hello.app/hello";
			};
			name = Release;
		};
		74904A5E2018688C00D7F4B2 /* Debug */ = {
			isa = XCBuildConfiguration;
			buildSettings = {
				CODE_SIGN_STYLE = Automatic;
				INFOPLIST_FILE = helloUITests/Info.plist;
				LD_RUNPATH_SEARCH_PATHS = "$(inherited) @executable_path/Frameworks @loader_path/Frameworks";
				PRODUCT_BUNDLE_IDENTIFIER = com.loopher.helloUITests;
				PRODUCT_NAME = "$(TARGET_NAME)";
				TARGETED_DEVICE_FAMILY = "1,2";
				TEST_TARGET_NAME = hello;
			};
			name = Debug;
		};
		74904A5F2018688C00D7F4B2 /* Release */ = {
			isa = XCBuildConfiguration;
			buildSettings = {
				CODE_SIGN_STYLE = Automatic;
				INFOPLIST_FILE = helloUITests/Info.plist;
				LD_RUNPATH_SEARCH_PATHS = "$(inherited) @executable_path/Frameworks @loader_path/Frameworks";
				PRODUCT_BUNDLE_IDENTIFIER = com.loopher.helloUITests;
				PRODUCT_NAME = "$(TARGET_NAME)";
				TARGETED_DEVICE_FAMILY = "1,2";
				TEST_TARGET_NAME = hello;
			};
			name = Release;
		};
/* End XCBuildConfiguration section */

/* Begin XCConfigurationList section */
		74904A262018688C00D7F4B2 /* Build configuration list for PBXProject "hello" */ = {
			isa = XCConfigurationList;
			buildConfigurations = (
				74904A552018688C00D7F4B2 /* Debug */,
				74904A562018688C00D7F4B2 /* Release */,
			);
			defaultConfigurationIsVisible = 0;
			defaultConfigurationName = Release;
		};
		74904A572018688C00D7F4B2 /* Build configuration list for PBXNativeTarget "hello" */ = {
			isa = XCConfigurationList;
			buildConfigurations = (
				74904A582018688C00D7F4B2 /* Debug */,
				74904A592018688C00D7F4B2 /* Release */,
			);
			defaultConfigurationIsVisible = 0;
			defaultConfigurationName = Release;
		};
		74904A5A2018688C00D7F4B2 /* Build configuration list for PBXNativeTarget "helloTests" */ = {
			isa = XCConfigurationList;
			buildConfigurations = (
				74904A5B2018688C00D7F4B2 /* Debug */,
				74904A5C2018688C00D7F4B2 /* Release */,
			);
			defaultConfigurationIsVisible = 0;
			defaultConfigurationName = Release;
		};
		74904A5D2018688C00D7F4B2 /* Build configuration list for PBXNativeTarget "helloUITests" */ = {
			isa = XCConfigurationList;
			buildConfigurations = (
				74904A5E2018688C00D7F4B2 /* Debug */,
				74904A5F2018688C00D7F4B2 /* Release */,
			);
			defaultConfigurationIsVisible = 0;
			defaultConfigurationName = Release;
		};
/* End XCConfigurationList section */
	};
	rootObject = 74904A232018688C00D7F4B2 /* Project object */;
}
